// !$*UTF8*$!
{
	archiveVersion = 1;
	classes = {
	};
	objectVersion = 48;
	objects = {

/* Begin PBXBuildFile section */
		BB1EEDD020211BA8001174C1 /* AppDelegate.swift in Sources */ = {isa = PBXBuildFile; fileRef = BB1EEDCF20211BA8001174C1 /* AppDelegate.swift */; };
		BB1EEDD220211BA8001174C1 /* ViewController.swift in Sources */ = {isa = PBXBuildFile; fileRef = BB1EEDD120211BA8001174C1 /* ViewController.swift */; };
		BB1EEDD520211BA8001174C1 /* Main.storyboard in Resources */ = {isa = PBXBuildFile; fileRef = BB1EEDD320211BA8001174C1 /* Main.storyboard */; };
		BB1EEDD720211BA8001174C1 /* Assets.xcassets in Resources */ = {isa = PBXBuildFile; fileRef = BB1EEDD620211BA8001174C1 /* Assets.xcassets */; };
		BB1EEDDA20211BA8001174C1 /* LaunchScreen.storyboard in Resources */ = {isa = PBXBuildFile; fileRef = BB1EEDD820211BA8001174C1 /* LaunchScreen.storyboard */; };
/* End PBXBuildFile section */

/* Begin PBXFileReference section */
		BB1EEDCC20211BA8001174C1 /* TijerinaIsaac-hw2.app */ = {isa = PBXFileReference; explicitFileType = wrapper.application; includeInIndex = 0; path = "TijerinaIsaac-hw2.app"; sourceTree = BUILT_PRODUCTS_DIR; };
		BB1EEDCF20211BA8001174C1 /* AppDelegate.swift */ = {isa = PBXFileReference; lastKnownFileType = sourcecode.swift; path = AppDelegate.swift; sourceTree = "<group>"; };
		BB1EEDD120211BA8001174C1 /* ViewController.swift */ = {isa = PBXFileReference; lastKnownFileType = sourcecode.swift; path = ViewController.swift; sourceTree = "<group>"; };
		BB1EEDD420211BA8001174C1 /* Base */ = {isa = PBXFileReference; lastKnownFileType = file.storyboard; name = Base; path = Base.lproj/Main.storyboard; sourceTree = "<group>"; };
		BB1EEDD620211BA8001174C1 /* Assets.xcassets */ = {isa = PBXFileReference; lastKnownFileType = folder.assetcatalog; path = Assets.xcassets; sourceTree = "<group>"; };
		BB1EEDD920211BA8001174C1 /* Base */ = {isa = PBXFileReference; lastKnownFileType = file.storyboard; name = Base; path = Base.lproj/LaunchScreen.storyboard; sourceTree = "<group>"; };
		BB1EEDDB20211BA8001174C1 /* Info.plist */ = {isa = PBXFileReference; lastKnownFileType = text.plist.xml; path = Info.plist; sourceTree = "<group>"; };
/* End PBXFileReference section */

/* Begin PBXFrameworksBuildPhase section */
		BB1EEDC920211BA8001174C1 /* Frameworks */ = {
			isa = PBXFrameworksBuildPhase;
			buildActionMask = 2147483647;
			files = (
			);
			runOnlyForDeploymentPostprocessing = 0;
		};
/* End PBXFrameworksBuildPhase section */

/* Begin PBXGroup section */
		BB1EEDC320211BA8001174C1 = {
			isa = PBXGroup;
			children = (
				BB1EEDCE20211BA8001174C1 /* TijerinaIsaac-hw2 */,
				BB1EEDCD20211BA8001174C1 /* Products */,
			);
			sourceTree = "<group>";
		};
		BB1EEDCD20211BA8001174C1 /* Products */ = {
			isa = PBXGroup;
			children = (
				BB1EEDCC20211BA8001174C1 /* TijerinaIsaac-hw2.app */,
			);
			name = Products;
			sourceTree = "<group>";
		};
		BB1EEDCE20211BA8001174C1 /* TijerinaIsaac-hw2 */ = {
			isa = PBXGroup;
			children = (
				BB1EEDCF20211BA8001174C1 /* AppDelegate.swift */,
				BB1EEDD120211BA8001174C1 /* ViewController.swift */,
				BB1EEDD320211BA8001174C1 /* Main.storyboard */,
				BB1EEDD620211BA8001174C1 /* Assets.xcassets */,
				BB1EEDD820211BA8001174C1 /* LaunchScreen.storyboard */,
				BB1EEDDB20211BA8001174C1 /* Info.plist */,
			);
			path = "TijerinaIsaac-hw2";
			sourceTree = "<group>";
		};
/* End PBXGroup section */

/* Begin PBXNativeTarget section */
		BB1EEDCB20211BA8001174C1 /* TijerinaIsaac-hw2 */ = {
			isa = PBXNativeTarget;
			buildConfigurationList = BB1EEDDE20211BA8001174C1 /* Build configuration list for PBXNativeTarget "TijerinaIsaac-hw2" */;
			buildPhases = (
				BB1EEDC820211BA8001174C1 /* Sources */,
				BB1EEDC920211BA8001174C1 /* Frameworks */,
				BB1EEDCA20211BA8001174C1 /* Resources */,
			);
			buildRules = (
			);
			dependencies = (
			);
			name = "TijerinaIsaac-hw2";
			productName = "TijerinaIsaac-hw2";
			productReference = BB1EEDCC20211BA8001174C1 /* TijerinaIsaac-hw2.app */;
			productType = "com.apple.product-type.application";
		};
/* End PBXNativeTarget section */

/* Begin PBXProject section */
		BB1EEDC420211BA8001174C1 /* Project object */ = {
			isa = PBXProject;
			attributes = {
				LastSwiftUpdateCheck = 0920;
				LastUpgradeCheck = 0920;
				ORGANIZATIONNAME = "Tijerina, Isaac G";
				TargetAttributes = {
					BB1EEDCB20211BA8001174C1 = {
						CreatedOnToolsVersion = 9.2;
						ProvisioningStyle = Automatic;
					};
				};
			};
			buildConfigurationList = BB1EEDC720211BA8001174C1 /* Build configuration list for PBXProject "TijerinaIsaac-hw2" */;
			compatibilityVersion = "Xcode 8.0";
			developmentRegion = en;
			hasScannedForEncodings = 0;
			knownRegions = (
				en,
				Base,
			);
			mainGroup = BB1EEDC320211BA8001174C1;
			productRefGroup = BB1EEDCD20211BA8001174C1 /* Products */;
			projectDirPath = "";
			projectRoot = "";
			targets = (
				BB1EEDCB20211BA8001174C1 /* TijerinaIsaac-hw2 */,
			);
		};
/* End PBXProject section */

/* Begin PBXResourcesBuildPhase section */
		BB1EEDCA20211BA8001174C1 /* Resources */ = {
			isa = PBXResourcesBuildPhase;
			buildActionMask = 2147483647;
			files = (
				BB1EEDDA20211BA8001174C1 /* LaunchScreen.storyboard in Resources */,
				BB1EEDD720211BA8001174C1 /* Assets.xcassets in Resources */,
				BB1EEDD520211BA8001174C1 /* Main.storyboard in Resources */,
			);
			runOnlyForDeploymentPostprocessing = 0;
		};
/* End PBXResourcesBuildPhase section */

/* Begin PBXSourcesBuildPhase section */
		BB1EEDC820211BA8001174C1 /* Sources */ = {
			isa = PBXSourcesBuildPhase;
			buildActionMask = 2147483647;
			files = (
				BB1EEDD220211BA8001174C1 /* ViewController.swift in Sources */,
				BB1EEDD020211BA8001174C1 /* AppDelegate.swift in Sources */,
			);
			runOnlyForDeploymentPostprocessing = 0;
		};
/* End PBXSourcesBuildPhase section */

/* Begin PBXVariantGroup section */
		BB1EEDD320211BA8001174C1 /* Main.storyboard */ = {
			isa = PBXVariantGroup;
			children = (
				BB1EEDD420211BA8001174C1 /* Base */,
			);
			name = Main.storyboard;
			sourceTree = "<group>";
		};
		BB1EEDD820211BA8001174C1 /* LaunchScreen.storyboard */ = {
			isa = PBXVariantGroup;
			children = (
				BB1EEDD920211BA8001174C1 /* Base */,
			);
			name = LaunchScreen.storyboard;
			sourceTree = "<group>";
		};
/* End PBXVariantGroup section */

/* Begin XCBuildConfiguration section */
		BB1EEDDC20211BA8001174C1 /* Debug */ = {
			isa = XCBuildConfiguration;
			buildSettings = {
				ALWAYS_SEARCH_USER_PATHS = NO;
				CLANG_ANALYZER_NONNULL = YES;
				CLANG_ANALYZER_NUMBER_OBJECT_CONVERSION = YES_AGGRESSIVE;
				CLANG_CXX_LANGUAGE_STANDARD = "gnu++14";
				CLANG_CXX_LIBRARY = "libc++";
				CLANG_ENABLE_MODULES = YES;
				CLANG_ENABLE_OBJC_ARC = YES;
				CLANG_WARN_BLOCK_CAPTURE_AUTORELEASING = YES;
				CLANG_WARN_BOOL_CONVERSION = YES;
				CLANG_WARN_COMMA = YES;
				CLANG_WARN_CONSTANT_CONVERSION = YES;
				CLANG_WARN_DIRECT_OBJC_ISA_USAGE = YES_ERROR;
				CLANG_WARN_DOCUMENTATION_COMMENTS = YES;
				CLANG_WARN_EMPTY_BODY = YES;
				CLANG_WARN_ENUM_CONVERSION = YES;
				CLANG_WARN_INFINITE_RECURSION = YES;
				CLANG_WARN_INT_CONVERSION = YES;
				CLANG_WARN_NON_LITERAL_NULL_CONVERSION = YES;
				CLANG_WARN_OBJC_LITERAL_CONVERSION = YES;
				CLANG_WARN_OBJC_ROOT_CLASS = YES_ERROR;
				CLANG_WARN_RANGE_LOOP_ANALYSIS = YES;
				CLANG_WARN_STRICT_PROTOTYPES = YES;
				CLANG_WARN_SUSPICIOUS_MOVE = YES;
				CLANG_WARN_UNGUARDED_AVAILABILITY = YES_AGGRESSIVE;
				CLANG_WARN_UNREACHABLE_CODE = YES;
				CLANG_WARN__DUPLICATE_METHOD_MATCH = YES;
				CODE_SIGN_IDENTITY = "iPhone Developer";
				COPY_PHASE_STRIP = NO;
				DEBUG_INFORMATION_FORMAT = dwarf;
				ENABLE_STRICT_OBJC_MSGSEND = YES;
				ENABLE_TESTABILITY = YES;
				GCC_C_LANGUAGE_STANDARD = gnu11;
				GCC_DYNAMIC_NO_PIC = NO;
				GCC_NO_COMMON_BLOCKS = YES;
				GCC_OPTIMIZATION_LEVEL = 0;
				GCC_PREPROCESSOR_DEFINITIONS = (
					"DEBUG=1",
					"$(inherited)",
				);
				GCC_WARN_64_TO_32_BIT_CONVERSION = YES;
				GCC_WARN_ABOUT_RETURN_TYPE = YES_ERROR;
				GCC_WARN_UNDECLARED_SELECTOR = YES;
				GCC_WARN_UNINITIALIZED_AUTOS = YES_AGGRESSIVE;
				GCC_WARN_UNUSED_FUNCTION = YES;
				GCC_WARN_UNUSED_VARIABLE = YES;
				IPHONEOS_DEPLOYMENT_TARGET = 11.2;
				MTL_ENABLE_DEBUG_INFO = YES;
				ONLY_ACTIVE_ARCH = YES;
				SDKROOT = iphoneos;
				SWIFT_ACTIVE_COMPILATION_CONDITIONS = DEBUG;
				SWIFT_OPTIMIZATION_LEVEL = "-Onone";
			};
			name = Debug;
		};
		BB1EEDDD20211BA8001174C1 /* Release */ = {
			isa = XCBuildConfiguration;
			buildSettings = {
				ALWAYS_SEARCH_USER_PATHS = NO;
				CLANG_ANALYZER_NONNULL = YES;
				CLANG_ANALYZER_NUMBER_OBJECT_CONVERSION = YES_AGGRESSIVE;
				CLANG_CXX_LANGUAGE_STANDARD = "gnu++14";
				CLANG_CXX_LIBRARY = "libc++";
				CLANG_ENABLE_MODULES = YES;
				CLANG_ENABLE_OBJC_ARC = YES;
				CLANG_WARN_BLOCK_CAPTURE_AUTORELEASING = YES;
				CLANG_WARN_BOOL_CONVERSION = YES;
				CLANG_WARN_COMMA = YES;
				CLANG_WARN_CONSTANT_CONVERSION = YES;
				CLANG_WARN_DIRECT_OBJC_ISA_USAGE = YES_ERROR;
				CLANG_WARN_DOCUMENTATION_COMMENTS = YES;
				CLANG_WARN_EMPTY_BODY = YES;
				CLANG_WARN_ENUM_CONVERSION = YES;
				CLANG_WARN_INFINITE_RECURSION = YES;
				CLANG_WARN_INT_CONVERSION = YES;
				CLANG_WARN_NON_LITERAL_NULL_CONVERSION = YES;
				CLANG_WARN_OBJC_LITERAL_CONVERSION = YES;
				CLANG_WARN_OBJC_ROOT_CLASS = YES_ERROR;
				CLANG_WARN_RANGE_LOOP_ANALYSIS = YES;
				CLANG_WARN_STRICT_PROTOTYPES = YES;
				CLANG_WARN_SUSPICIOUS_MOVE = YES;
				CLANG_WARN_UNGUARDED_AVAILABILITY = YES_AGGRESSIVE;
				CLANG_WARN_UNREACHABLE_CODE = YES;
				CLANG_WARN__DUPLICATE_METHOD_MATCH = YES;
				CODE_SIGN_IDENTITY = "iPhone Developer";
				COPY_PHASE_STRIP = NO;
				DEBUG_INFORMATION_FORMAT = "dwarf-with-dsym";
				ENABLE_NS_ASSERTIONS = NO;
				ENABLE_STRICT_OBJC_MSGSEND = YES;
				GCC_C_LANGUAGE_STANDARD = gnu11;
				GCC_NO_COMMON_BLOCKS = YES;
				GCC_WARN_64_TO_32_BIT_CONVERSION = YES;
				GCC_WARN_ABOUT_RETURN_TYPE = YES_ERROR;
				GCC_WARN_UNDECLARED_SELECTOR = YES;
				GCC_WARN_UNINITIALIZED_AUTOS = YES_AGGRESSIVE;
				GCC_WARN_UNUSED_FUNCTION = YES;
				GCC_WARN_UNUSED_VARIABLE = YES;
				IPHONEOS_DEPLOYMENT_TARGET = 11.2;
				MTL_ENABLE_DEBUG_INFO = NO;
				SDKROOT = iphoneos;
				SWIFT_OPTIMIZATION_LEVEL = "-Owholemodule";
				VALIDATE_PRODUCT = YES;
			};
			name = Release;
		};
		BB1EEDDF20211BA8001174C1 /* Debug */ = {
			isa = XCBuildConfiguration;
			buildSettings = {
				ASSETCATALOG_COMPILER_APPICON_NAME = AppIcon;
				CODE_SIGN_STYLE = Automatic;
				INFOPLIST_FILE = "TijerinaIsaac-hw2/Info.plist";
				LD_RUNPATH_SEARCH_PATHS = "$(inherited) @executable_path/Frameworks";
				PRODUCT_BUNDLE_IDENTIFIER = "TijerinaIsaac-hw2.TijerinaIsaac-hw2";
				PRODUCT_NAME = "$(TARGET_NAME)";
				SWIFT_VERSION = 4.0;
				TARGETED_DEVICE_FAMILY = "1,2";
			};
			name = Debug;
		};
		BB1EEDE020211BA8001174C1 /* Release */ = {
			isa = XCBuildConfiguration;
			buildSettings = {
				ASSETCATALOG_COMPILER_APPICON_NAME = AppIcon;
				CODE_SIGN_STYLE = Automatic;
				INFOPLIST_FILE = "TijerinaIsaac-hw2/Info.plist";
				LD_RUNPATH_SEARCH_PATHS = "$(inherited) @executable_path/Frameworks";
				PRODUCT_BUNDLE_IDENTIFIER = "TijerinaIsaac-hw2.TijerinaIsaac-hw2";
				PRODUCT_NAME = "$(TARGET_NAME)";
				SWIFT_VERSION = 4.0;
				TARGETED_DEVICE_FAMILY = "1,2";
			};
			name = Release;
		};
/* End XCBuildConfiguration section */

/* Begin XCConfigurationList section */
		BB1EEDC720211BA8001174C1 /* Build configuration list for PBXProject "TijerinaIsaac-hw2" */ = {
			isa = XCConfigurationList;
			buildConfigurations = (
				BB1EEDDC20211BA8001174C1 /* Debug */,
				BB1EEDDD20211BA8001174C1 /* Release */,
			);
			defaultConfigurationIsVisible = 0;
			defaultConfigurationName = Release;
		};
		BB1EEDDE20211BA8001174C1 /* Build configuration list for PBXNativeTarget "TijerinaIsaac-hw2" */ = {
			isa = XCConfigurationList;
			buildConfigurations = (
				BB1EEDDF20211BA8001174C1 /* Debug */,
				BB1EEDE020211BA8001174C1 /* Release */,
			);
			defaultConfigurationIsVisible = 0;
			defaultConfigurationName = Release;
		};
/* End XCConfigurationList section */
	};
	rootObject = BB1EEDC420211BA8001174C1 /* Project object */;
}
